{
  "name": "osnovyprymoyrazrabotki",
  "lockfileVersion": 3,
  "requires": true,
  "packages": {
    "": {
      "dependencies": {
        "dhtmlx-gantt": "^9.1.0"
      }
    },
    "node_modules/dhtmlx-gantt": {
      "version": "9.1.0",
      "resolved": "https://registry.npmjs.org/dhtmlx-gantt/-/dhtmlx-gantt-9.1.0.tgz",
      "integrity": "sha512-vgzACaJdzp899c6ZpKRhGeFFUnUWFBWRSdzNH3owjz7gcvnaIC2DGevawmuPrm3y3DamLJjI87/HRFnOLuGq3Q==",
      "license": "GPL-2.0"
    }
  }
}
